// !$*UTF8*$!
{
	archiveVersion = 1;
	classes = {
	};
	objectVersion = 55;
	objects = {

/* Begin PBXBuildFile section */
		BF07B7C82C9A0D7E006B43F3 /* Networking.swift in Sources */ = {isa = PBXBuildFile; fileRef = BF07B7C72C9A0D7E006B43F3 /* Networking.swift */; };
		BF07B8072C9CAB06006B43F3 /* ProfileTests.swift in Sources */ = {isa = PBXBuildFile; fileRef = BF07B8062C9CAB06006B43F3 /* ProfileTests.swift */; };
		BF07B8092C9CAD27006B43F3 /* AccountTests.swift in Sources */ = {isa = PBXBuildFile; fileRef = BF07B8082C9CAD27006B43F3 /* AccountTests.swift */; };
		BF1968832BF7E7E6003A99DC /* AppDelegate.swift in Sources */ = {isa = PBXBuildFile; fileRef = BF1968822BF7E7E6003A99DC /* AppDelegate.swift */; };
		BF1968852BF7E7E6003A99DC /* SceneDelegate.swift in Sources */ = {isa = PBXBuildFile; fileRef = BF1968842BF7E7E6003A99DC /* SceneDelegate.swift */; };
		BF1968872BF7E7E6003A99DC /* LoginViewController.swift in Sources */ = {isa = PBXBuildFile; fileRef = BF1968862BF7E7E6003A99DC /* LoginViewController.swift */; };
		BF19688C2BF7E7E7003A99DC /* Assets.xcassets in Resources */ = {isa = PBXBuildFile; fileRef = BF19688B2BF7E7E7003A99DC /* Assets.xcassets */; };
		BF19688F2BF7E7E7003A99DC /* Base in Resources */ = {isa = PBXBuildFile; fileRef = BF19688E2BF7E7E7003A99DC /* Base */; };
		BF1968992BFCCAA5003A99DC /* LoginView.swift in Sources */ = {isa = PBXBuildFile; fileRef = BF1968982BFCCAA5003A99DC /* LoginView.swift */; };
		BF2ACC082CAACC79005EAD24 /* ProfileManager.swift in Sources */ = {isa = PBXBuildFile; fileRef = BF2ACC072CAACC79005EAD24 /* ProfileManager.swift */; };
		BF2ACC0A2CAACF6D005EAD24 /* AccountSummaryViewControllerTests.swift in Sources */ = {isa = PBXBuildFile; fileRef = BF2ACC092CAACF6D005EAD24 /* AccountSummaryViewControllerTests.swift */; };
		BF2C6D242C98607100965CC0 /* Date+Utils.swift in Sources */ = {isa = PBXBuildFile; fileRef = BF2C6D232C98607100965CC0 /* Date+Utils.swift */; };
		BF394AB32C6A2A1200955789 /* AccountSummaryHeaderView.swift in Sources */ = {isa = PBXBuildFile; fileRef = BF394AB22C6A2A1200955789 /* AccountSummaryHeaderView.swift */; };
		BF394AB52C6A2A7700955789 /* AccountSummaryHeaderView.xib in Resources */ = {isa = PBXBuildFile; fileRef = BF394AB42C6A2A7700955789 /* AccountSummaryHeaderView.xib */; };
		BF5157A02C82597C008A1E8F /* NSNotificationName.swift in Sources */ = {isa = PBXBuildFile; fileRef = BF51579F2C82597C008A1E8F /* NSNotificationName.swift */; };
		BF5157AE2C8650F1008A1E8F /* UITextField+SecureToggle.swift in Sources */ = {isa = PBXBuildFile; fileRef = BF5157AD2C8650F1008A1E8F /* UITextField+SecureToggle.swift */; };
		BF51580D2C8B12D7008A1E8F /* ShakeyBellView.swift in Sources */ = {isa = PBXBuildFile; fileRef = BF51580C2C8B12D7008A1E8F /* ShakeyBellView.swift */; };
		BF6137F62C738317001689D0 /* DecimalUtils.swift in Sources */ = {isa = PBXBuildFile; fileRef = BF6137F52C738317001689D0 /* DecimalUtils.swift */; };
		BF6137F82C738414001689D0 /* CurrencyFormatter.swift in Sources */ = {isa = PBXBuildFile; fileRef = BF6137F72C738414001689D0 /* CurrencyFormatter.swift */; };
		BF6138822C7D1754001689D0 /* CurrencyFormatterTests.swift in Sources */ = {isa = PBXBuildFile; fileRef = BF6138812C7D1754001689D0 /* CurrencyFormatterTests.swift */; };
		BF72C90F2CA0AEC30055525F /* SceletonLoadable.swift in Sources */ = {isa = PBXBuildFile; fileRef = BF72C90E2CA0AEC30055525F /* SceletonLoadable.swift */; };
		BF72C9112CA0B0370055525F /* SkeletonCell.swift in Sources */ = {isa = PBXBuildFile; fileRef = BF72C9102CA0B0370055525F /* SkeletonCell.swift */; };
		BF808A002C653AB800151799 /* AccountSummaryViewController.swift in Sources */ = {isa = PBXBuildFile; fileRef = BF8089FF2C653AB800151799 /* AccountSummaryViewController.swift */; };
		BFC145892C6CCF27006B8C93 /* AccountSummaryCell.swift in Sources */ = {isa = PBXBuildFile; fileRef = BFC145882C6CCF27006B8C93 /* AccountSummaryCell.swift */; };
		BFE70A9F2C220E5200F84BEE /* OnboardingContainerViewController.swift in Sources */ = {isa = PBXBuildFile; fileRef = BFE70A9E2C220E5200F84BEE /* OnboardingContainerViewController.swift */; };
		BFE70AA12C24A2D000F84BEE /* OnboardingViewController.swift in Sources */ = {isa = PBXBuildFile; fileRef = BFE70AA02C24A2D000F84BEE /* OnboardingViewController.swift */; };
		BFE70B032C4FB52200F84BEE /* DummyViewController.swift in Sources */ = {isa = PBXBuildFile; fileRef = BFE70B022C4FB52200F84BEE /* DummyViewController.swift */; };
		BFE70B262C510C4D00F84BEE /* LocalState.swift in Sources */ = {isa = PBXBuildFile; fileRef = BFE70B252C510C4D00F84BEE /* LocalState.swift */; };
		BFE70B482C61272200F84BEE /* UIViewController+Utils.swift in Sources */ = {isa = PBXBuildFile; fileRef = BFE70B472C61272200F84BEE /* UIViewController+Utils.swift */; };
		BFE70B4A2C61293800F84BEE /* MainViewController.swift in Sources */ = {isa = PBXBuildFile; fileRef = BFE70B492C61293800F84BEE /* MainViewController.swift */; };
/* End PBXBuildFile section */

/* Begin PBXContainerItemProxy section */
		BF61387C2C7D15F4001689D0 /* PBXContainerItemProxy */ = {
			isa = PBXContainerItemProxy;
			containerPortal = BF1968772BF7E7E6003A99DC /* Project object */;
			proxyType = 1;
			remoteGlobalIDString = BF19687E2BF7E7E6003A99DC;
			remoteInfo = Bankey;
		};
/* End PBXContainerItemProxy section */

/* Begin PBXFileReference section */
		BF07B7C72C9A0D7E006B43F3 /* Networking.swift */ = {isa = PBXFileReference; lastKnownFileType = sourcecode.swift; path = Networking.swift; sourceTree = "<group>"; };
		BF07B8062C9CAB06006B43F3 /* ProfileTests.swift */ = {isa = PBXFileReference; lastKnownFileType = sourcecode.swift; path = ProfileTests.swift; sourceTree = "<group>"; };
		BF07B8082C9CAD27006B43F3 /* AccountTests.swift */ = {isa = PBXFileReference; lastKnownFileType = sourcecode.swift; path = AccountTests.swift; sourceTree = "<group>"; };
		BF19687F2BF7E7E6003A99DC /* Bankey.app */ = {isa = PBXFileReference; explicitFileType = wrapper.application; includeInIndex = 0; path = Bankey.app; sourceTree = BUILT_PRODUCTS_DIR; };
		BF1968822BF7E7E6003A99DC /* AppDelegate.swift */ = {isa = PBXFileReference; lastKnownFileType = sourcecode.swift; path = AppDelegate.swift; sourceTree = "<group>"; };
		BF1968842BF7E7E6003A99DC /* SceneDelegate.swift */ = {isa = PBXFileReference; lastKnownFileType = sourcecode.swift; path = SceneDelegate.swift; sourceTree = "<group>"; };
		BF1968862BF7E7E6003A99DC /* LoginViewController.swift */ = {isa = PBXFileReference; lastKnownFileType = sourcecode.swift; path = LoginViewController.swift; sourceTree = "<group>"; };
		BF19688B2BF7E7E7003A99DC /* Assets.xcassets */ = {isa = PBXFileReference; lastKnownFileType = folder.assetcatalog; path = Assets.xcassets; sourceTree = "<group>"; };
		BF19688E2BF7E7E7003A99DC /* Base */ = {isa = PBXFileReference; lastKnownFileType = file.storyboard; name = Base; path = Base.lproj/LaunchScreen.storyboard; sourceTree = "<group>"; };
		BF1968902BF7E7E7003A99DC /* Info.plist */ = {isa = PBXFileReference; lastKnownFileType = text.plist.xml; path = Info.plist; sourceTree = "<group>"; };
		BF1968982BFCCAA5003A99DC /* LoginView.swift */ = {isa = PBXFileReference; lastKnownFileType = sourcecode.swift; path = LoginView.swift; sourceTree = "<group>"; };
		BF2ACC072CAACC79005EAD24 /* ProfileManager.swift */ = {isa = PBXFileReference; lastKnownFileType = sourcecode.swift; path = ProfileManager.swift; sourceTree = "<group>"; };
		BF2ACC092CAACF6D005EAD24 /* AccountSummaryViewControllerTests.swift */ = {isa = PBXFileReference; lastKnownFileType = sourcecode.swift; path = AccountSummaryViewControllerTests.swift; sourceTree = "<group>"; };
		BF2C6D232C98607100965CC0 /* Date+Utils.swift */ = {isa = PBXFileReference; lastKnownFileType = sourcecode.swift; path = "Date+Utils.swift"; sourceTree = "<group>"; };
		BF394AB22C6A2A1200955789 /* AccountSummaryHeaderView.swift */ = {isa = PBXFileReference; lastKnownFileType = sourcecode.swift; path = AccountSummaryHeaderView.swift; sourceTree = "<group>"; };
		BF394AB42C6A2A7700955789 /* AccountSummaryHeaderView.xib */ = {isa = PBXFileReference; lastKnownFileType = file.xib; path = AccountSummaryHeaderView.xib; sourceTree = "<group>"; };
		BF51579F2C82597C008A1E8F /* NSNotificationName.swift */ = {isa = PBXFileReference; lastKnownFileType = sourcecode.swift; path = NSNotificationName.swift; sourceTree = "<group>"; };
		BF5157AD2C8650F1008A1E8F /* UITextField+SecureToggle.swift */ = {isa = PBXFileReference; lastKnownFileType = sourcecode.swift; path = "UITextField+SecureToggle.swift"; sourceTree = "<group>"; };
		BF51580C2C8B12D7008A1E8F /* ShakeyBellView.swift */ = {isa = PBXFileReference; lastKnownFileType = sourcecode.swift; path = ShakeyBellView.swift; sourceTree = "<group>"; };
		BF6137F52C738317001689D0 /* DecimalUtils.swift */ = {isa = PBXFileReference; lastKnownFileType = sourcecode.swift; path = DecimalUtils.swift; sourceTree = "<group>"; };
		BF6137F72C738414001689D0 /* CurrencyFormatter.swift */ = {isa = PBXFileReference; lastKnownFileType = sourcecode.swift; path = CurrencyFormatter.swift; sourceTree = "<group>"; };
		BF6138782C7D15F4001689D0 /* BankeyUnitTests.xctest */ = {isa = PBXFileReference; explicitFileType = wrapper.cfbundle; includeInIndex = 0; path = BankeyUnitTests.xctest; sourceTree = BUILT_PRODUCTS_DIR; };
		BF6138812C7D1754001689D0 /* CurrencyFormatterTests.swift */ = {isa = PBXFileReference; lastKnownFileType = sourcecode.swift; path = CurrencyFormatterTests.swift; sourceTree = "<group>"; };
		BF72C90E2CA0AEC30055525F /* SceletonLoadable.swift */ = {isa = PBXFileReference; lastKnownFileType = sourcecode.swift; path = SceletonLoadable.swift; sourceTree = "<group>"; };
		BF72C9102CA0B0370055525F /* SkeletonCell.swift */ = {isa = PBXFileReference; lastKnownFileType = sourcecode.swift; path = SkeletonCell.swift; sourceTree = "<group>"; };
		BF8089FF2C653AB800151799 /* AccountSummaryViewController.swift */ = {isa = PBXFileReference; lastKnownFileType = sourcecode.swift; path = AccountSummaryViewController.swift; sourceTree = "<group>"; };
		BFC145882C6CCF27006B8C93 /* AccountSummaryCell.swift */ = {isa = PBXFileReference; lastKnownFileType = sourcecode.swift; path = AccountSummaryCell.swift; sourceTree = "<group>"; };
		BFE70A9E2C220E5200F84BEE /* OnboardingContainerViewController.swift */ = {isa = PBXFileReference; lastKnownFileType = sourcecode.swift; path = OnboardingContainerViewController.swift; sourceTree = "<group>"; };
		BFE70AA02C24A2D000F84BEE /* OnboardingViewController.swift */ = {isa = PBXFileReference; lastKnownFileType = sourcecode.swift; path = OnboardingViewController.swift; sourceTree = "<group>"; };
		BFE70B022C4FB52200F84BEE /* DummyViewController.swift */ = {isa = PBXFileReference; lastKnownFileType = sourcecode.swift; path = DummyViewController.swift; sourceTree = "<group>"; };
		BFE70B252C510C4D00F84BEE /* LocalState.swift */ = {isa = PBXFileReference; lastKnownFileType = sourcecode.swift; path = LocalState.swift; sourceTree = "<group>"; };
		BFE70B472C61272200F84BEE /* UIViewController+Utils.swift */ = {isa = PBXFileReference; lastKnownFileType = sourcecode.swift; path = "UIViewController+Utils.swift"; sourceTree = "<group>"; };
		BFE70B492C61293800F84BEE /* MainViewController.swift */ = {isa = PBXFileReference; lastKnownFileType = sourcecode.swift; path = MainViewController.swift; sourceTree = "<group>"; };
/* End PBXFileReference section */

/* Begin PBXFrameworksBuildPhase section */
		BF19687C2BF7E7E6003A99DC /* Frameworks */ = {
			isa = PBXFrameworksBuildPhase;
			buildActionMask = 2147483647;
			files = (
			);
			runOnlyForDeploymentPostprocessing = 0;
		};
		BF6138752C7D15F4001689D0 /* Frameworks */ = {
			isa = PBXFrameworksBuildPhase;
			buildActionMask = 2147483647;
			files = (
			);
			runOnlyForDeploymentPostprocessing = 0;
		};
/* End PBXFrameworksBuildPhase section */

/* Begin PBXGroup section */
		BF07B8042C9CAAC2006B43F3 /* Utils */ = {
			isa = PBXGroup;
			children = (
				BF6138812C7D1754001689D0 /* CurrencyFormatterTests.swift */,
			);
			path = Utils;
			sourceTree = "<group>";
		};
		BF07B8052C9CAAD0006B43F3 /* AccountSummary */ = {
			isa = PBXGroup;
			children = (
				BF07B8062C9CAB06006B43F3 /* ProfileTests.swift */,
				BF07B8082C9CAD27006B43F3 /* AccountTests.swift */,
				BF2ACC092CAACF6D005EAD24 /* AccountSummaryViewControllerTests.swift */,
			);
			path = AccountSummary;
			sourceTree = "<group>";
		};
		BF1968762BF7E7E6003A99DC = {
			isa = PBXGroup;
			children = (
				BF1968812BF7E7E6003A99DC /* Bankey */,
				BF6138792C7D15F4001689D0 /* BankeyUnitTests */,
				BF1968802BF7E7E6003A99DC /* Products */,
			);
			sourceTree = "<group>";
		};
		BF1968802BF7E7E6003A99DC /* Products */ = {
			isa = PBXGroup;
			children = (
				BF19687F2BF7E7E6003A99DC /* Bankey.app */,
				BF6138782C7D15F4001689D0 /* BankeyUnitTests.xctest */,
			);
			name = Products;
			sourceTree = "<group>";
		};
		BF1968812BF7E7E6003A99DC /* Bankey */ = {
			isa = PBXGroup;
			children = (
				BF1968842BF7E7E6003A99DC /* SceneDelegate.swift */,
				BFE70B492C61293800F84BEE /* MainViewController.swift */,
				BF1968972BFCCA7E003A99DC /* Login */,
				BFE70A9D2C220DF200F84BEE /* Onboarding */,
				BF8089FE2C653A6400151799 /* AccountSummary */,
				BFE70B242C510C1600F84BEE /* Utils */,
				BF51580B2C8B12A1008A1E8F /* Components */,
				BF1968962BFCCA14003A99DC /* Files */,
			);
			path = Bankey;
			sourceTree = "<group>";
		};
		BF1968962BFCCA14003A99DC /* Files */ = {
			isa = PBXGroup;
			children = (
				BF1968822BF7E7E6003A99DC /* AppDelegate.swift */,
				BF19688B2BF7E7E7003A99DC /* Assets.xcassets */,
				BF19688D2BF7E7E7003A99DC /* LaunchScreen.storyboard */,
				BF1968902BF7E7E7003A99DC /* Info.plist */,
			);
			name = Files;
			sourceTree = "<group>";
		};
		BF1968972BFCCA7E003A99DC /* Login */ = {
			isa = PBXGroup;
			children = (
				BF1968982BFCCAA5003A99DC /* LoginView.swift */,
				BF1968862BF7E7E6003A99DC /* LoginViewController.swift */,
				BFE70B022C4FB52200F84BEE /* DummyViewController.swift */,
			);
			name = Login;
			sourceTree = "<group>";
		};
		BF2ACC062CAACC58005EAD24 /* Networking */ = {
			isa = PBXGroup;
			children = (
				BF2ACC072CAACC79005EAD24 /* ProfileManager.swift */,
			);
			name = Networking;
			sourceTree = "<group>";
		};
		BF51580B2C8B12A1008A1E8F /* Components */ = {
			isa = PBXGroup;
			children = (
				BF51580C2C8B12D7008A1E8F /* ShakeyBellView.swift */,
			);
			name = Components;
			sourceTree = "<group>";
		};
		BF6138792C7D15F4001689D0 /* BankeyUnitTests */ = {
			isa = PBXGroup;
			children = (
				BF07B8052C9CAAD0006B43F3 /* AccountSummary */,
				BF07B8042C9CAAC2006B43F3 /* Utils */,
			);
			path = BankeyUnitTests;
			sourceTree = "<group>";
		};
		BF8089FE2C653A6400151799 /* AccountSummary */ = {
			isa = PBXGroup;
			children = (
				BF8089FF2C653AB800151799 /* AccountSummaryViewController.swift */,
				BF07B7C72C9A0D7E006B43F3 /* Networking.swift */,
				BFC145862C6CCEC5006B8C93 /* Header */,
				BFC145872C6CCEF0006B8C93 /* Cells */,
				BF2ACC062CAACC58005EAD24 /* Networking */,
			);
			name = AccountSummary;
			sourceTree = "<group>";
		};
		BFC145862C6CCEC5006B8C93 /* Header */ = {
			isa = PBXGroup;
			children = (
				BF394AB22C6A2A1200955789 /* AccountSummaryHeaderView.swift */,
				BF394AB42C6A2A7700955789 /* AccountSummaryHeaderView.xib */,
			);
			name = Header;
			sourceTree = "<group>";
		};
		BFC145872C6CCEF0006B8C93 /* Cells */ = {
			isa = PBXGroup;
			children = (
				BFC145882C6CCF27006B8C93 /* AccountSummaryCell.swift */,
				BF72C90E2CA0AEC30055525F /* SceletonLoadable.swift */,
				BF72C9102CA0B0370055525F /* SkeletonCell.swift */,
			);
			name = Cells;
			sourceTree = "<group>";
		};
		BFE70A9D2C220DF200F84BEE /* Onboarding */ = {
			isa = PBXGroup;
			children = (
				BFE70A9E2C220E5200F84BEE /* OnboardingContainerViewController.swift */,
				BFE70AA02C24A2D000F84BEE /* OnboardingViewController.swift */,
			);
			name = Onboarding;
			sourceTree = "<group>";
		};
		BFE70B242C510C1600F84BEE /* Utils */ = {
			isa = PBXGroup;
			children = (
				BFE70B252C510C4D00F84BEE /* LocalState.swift */,
				BFE70B472C61272200F84BEE /* UIViewController+Utils.swift */,
				BF6137F52C738317001689D0 /* DecimalUtils.swift */,
				BF6137F72C738414001689D0 /* CurrencyFormatter.swift */,
				BF51579F2C82597C008A1E8F /* NSNotificationName.swift */,
				BF5157AD2C8650F1008A1E8F /* UITextField+SecureToggle.swift */,
				BF2C6D232C98607100965CC0 /* Date+Utils.swift */,
			);
			name = Utils;
			sourceTree = "<group>";
		};
/* End PBXGroup section */

/* Begin PBXNativeTarget section */
		BF19687E2BF7E7E6003A99DC /* Bankey */ = {
			isa = PBXNativeTarget;
			buildConfigurationList = BF1968932BF7E7E7003A99DC /* Build configuration list for PBXNativeTarget "Bankey" */;
			buildPhases = (
				BF19687B2BF7E7E6003A99DC /* Sources */,
				BF19687C2BF7E7E6003A99DC /* Frameworks */,
				BF19687D2BF7E7E6003A99DC /* Resources */,
			);
			buildRules = (
			);
			dependencies = (
			);
			name = Bankey;
			productName = Bankey;
			productReference = BF19687F2BF7E7E6003A99DC /* Bankey.app */;
			productType = "com.apple.product-type.application";
		};
		BF6138772C7D15F4001689D0 /* BankeyUnitTests */ = {
			isa = PBXNativeTarget;
			buildConfigurationList = BF6138802C7D15F4001689D0 /* Build configuration list for PBXNativeTarget "BankeyUnitTests" */;
			buildPhases = (
				BF6138742C7D15F4001689D0 /* Sources */,
				BF6138752C7D15F4001689D0 /* Frameworks */,
				BF6138762C7D15F4001689D0 /* Resources */,
			);
			buildRules = (
			);
			dependencies = (
				BF61387D2C7D15F4001689D0 /* PBXTargetDependency */,
			);
			name = BankeyUnitTests;
			productName = BankeyUnitTests;
			productReference = BF6138782C7D15F4001689D0 /* BankeyUnitTests.xctest */;
			productType = "com.apple.product-type.bundle.unit-test";
		};
/* End PBXNativeTarget section */

/* Begin PBXProject section */
		BF1968772BF7E7E6003A99DC /* Project object */ = {
			isa = PBXProject;
			attributes = {
				BuildIndependentTargetsInParallel = 1;
				LastSwiftUpdateCheck = 1530;
				LastUpgradeCheck = 1530;
				TargetAttributes = {
					BF19687E2BF7E7E6003A99DC = {
						CreatedOnToolsVersion = 15.3;
					};
					BF6138772C7D15F4001689D0 = {
						CreatedOnToolsVersion = 15.3;
						LastSwiftMigration = 1530;
						TestTargetID = BF19687E2BF7E7E6003A99DC;
					};
				};
			};
			buildConfigurationList = BF19687A2BF7E7E6003A99DC /* Build configuration list for PBXProject "Bankey" */;
			compatibilityVersion = "Xcode 13.0";
			developmentRegion = en;
			hasScannedForEncodings = 0;
			knownRegions = (
				en,
				Base,
			);
			mainGroup = BF1968762BF7E7E6003A99DC;
			productRefGroup = BF1968802BF7E7E6003A99DC /* Products */;
			projectDirPath = "";
			projectRoot = "";
			targets = (
				BF19687E2BF7E7E6003A99DC /* Bankey */,
				BF6138772C7D15F4001689D0 /* BankeyUnitTests */,
			);
		};
/* End PBXProject section */

/* Begin PBXResourcesBuildPhase section */
		BF19687D2BF7E7E6003A99DC /* Resources */ = {
			isa = PBXResourcesBuildPhase;
			buildActionMask = 2147483647;
			files = (
				BF394AB52C6A2A7700955789 /* AccountSummaryHeaderView.xib in Resources */,
				BF19688C2BF7E7E7003A99DC /* Assets.xcassets in Resources */,
				BF19688F2BF7E7E7003A99DC /* Base in Resources */,
			);
			runOnlyForDeploymentPostprocessing = 0;
		};
		BF6138762C7D15F4001689D0 /* Resources */ = {
			isa = PBXResourcesBuildPhase;
			buildActionMask = 2147483647;
			files = (
			);
			runOnlyForDeploymentPostprocessing = 0;
		};
/* End PBXResourcesBuildPhase section */

/* Begin PBXSourcesBuildPhase section */
		BF19687B2BF7E7E6003A99DC /* Sources */ = {
			isa = PBXSourcesBuildPhase;
			buildActionMask = 2147483647;
			files = (
				BF394AB32C6A2A1200955789 /* AccountSummaryHeaderView.swift in Sources */,
				BFC145892C6CCF27006B8C93 /* AccountSummaryCell.swift in Sources */,
				BF51580D2C8B12D7008A1E8F /* ShakeyBellView.swift in Sources */,
				BFE70B032C4FB52200F84BEE /* DummyViewController.swift in Sources */,
				BF1968872BF7E7E6003A99DC /* LoginViewController.swift in Sources */,
				BF6137F82C738414001689D0 /* CurrencyFormatter.swift in Sources */,
				BF2ACC082CAACC79005EAD24 /* ProfileManager.swift in Sources */,
				BFE70B482C61272200F84BEE /* UIViewController+Utils.swift in Sources */,
				BFE70AA12C24A2D000F84BEE /* OnboardingViewController.swift in Sources */,
				BF1968832BF7E7E6003A99DC /* AppDelegate.swift in Sources */,
				BF6137F62C738317001689D0 /* DecimalUtils.swift in Sources */,
				BF1968992BFCCAA5003A99DC /* LoginView.swift in Sources */,
				BF07B7C82C9A0D7E006B43F3 /* Networking.swift in Sources */,
				BFE70A9F2C220E5200F84BEE /* OnboardingContainerViewController.swift in Sources */,
				BF5157AE2C8650F1008A1E8F /* UITextField+SecureToggle.swift in Sources */,
				BF1968852BF7E7E6003A99DC /* SceneDelegate.swift in Sources */,
				BF72C90F2CA0AEC30055525F /* SceletonLoadable.swift in Sources */,
				BF72C9112CA0B0370055525F /* SkeletonCell.swift in Sources */,
				BF5157A02C82597C008A1E8F /* NSNotificationName.swift in Sources */,
				BF808A002C653AB800151799 /* AccountSummaryViewController.swift in Sources */,
				BFE70B262C510C4D00F84BEE /* LocalState.swift in Sources */,
				BFE70B4A2C61293800F84BEE /* MainViewController.swift in Sources */,
				BF2C6D242C98607100965CC0 /* Date+Utils.swift in Sources */,
			);
			runOnlyForDeploymentPostprocessing = 0;
		};
		BF6138742C7D15F4001689D0 /* Sources */ = {
			isa = PBXSourcesBuildPhase;
			buildActionMask = 2147483647;
			files = (
				BF6138822C7D1754001689D0 /* CurrencyFormatterTests.swift in Sources */,
				BF07B8092C9CAD27006B43F3 /* AccountTests.swift in Sources */,
				BF07B8072C9CAB06006B43F3 /* ProfileTests.swift in Sources */,
				BF2ACC0A2CAACF6D005EAD24 /* AccountSummaryViewControllerTests.swift in Sources */,
			);
			runOnlyForDeploymentPostprocessing = 0;
		};
/* End PBXSourcesBuildPhase section */

/* Begin PBXTargetDependency section */
		BF61387D2C7D15F4001689D0 /* PBXTargetDependency */ = {
			isa = PBXTargetDependency;
			target = BF19687E2BF7E7E6003A99DC /* Bankey */;
			targetProxy = BF61387C2C7D15F4001689D0 /* PBXContainerItemProxy */;
		};
/* End PBXTargetDependency section */

/* Begin PBXVariantGroup section */
		BF19688D2BF7E7E7003A99DC /* LaunchScreen.storyboard */ = {
			isa = PBXVariantGroup;
			children = (
				BF19688E2BF7E7E7003A99DC /* Base */,
			);
			name = LaunchScreen.storyboard;
			sourceTree = "<group>";
		};
/* End PBXVariantGroup section */

/* Begin XCBuildConfiguration section */
		BF1968912BF7E7E7003A99DC /* Debug */ = {
			isa = XCBuildConfiguration;
			buildSettings = {
				ALWAYS_SEARCH_USER_PATHS = NO;
				ASSETCATALOG_COMPILER_GENERATE_SWIFT_ASSET_SYMBOL_EXTENSIONS = YES;
				CLANG_ANALYZER_NONNULL = YES;
				CLANG_ANALYZER_NUMBER_OBJECT_CONVERSION = YES_AGGRESSIVE;
				CLANG_CXX_LANGUAGE_STANDARD = "gnu++20";
				CLANG_ENABLE_MODULES = YES;
				CLANG_ENABLE_OBJC_ARC = YES;
				CLANG_ENABLE_OBJC_WEAK = YES;
				CLANG_WARN_BLOCK_CAPTURE_AUTORELEASING = YES;
				CLANG_WARN_BOOL_CONVERSION = YES;
				CLANG_WARN_COMMA = YES;
				CLANG_WARN_CONSTANT_CONVERSION = YES;
				CLANG_WARN_DEPRECATED_OBJC_IMPLEMENTATIONS = YES;
				CLANG_WARN_DIRECT_OBJC_ISA_USAGE = YES_ERROR;
				CLANG_WARN_DOCUMENTATION_COMMENTS = YES;
				CLANG_WARN_EMPTY_BODY = YES;
				CLANG_WARN_ENUM_CONVERSION = YES;
				CLANG_WARN_INFINITE_RECURSION = YES;
				CLANG_WARN_INT_CONVERSION = YES;
				CLANG_WARN_NON_LITERAL_NULL_CONVERSION = YES;
				CLANG_WARN_OBJC_IMPLICIT_RETAIN_SELF = YES;
				CLANG_WARN_OBJC_LITERAL_CONVERSION = YES;
				CLANG_WARN_OBJC_ROOT_CLASS = YES_ERROR;
				CLANG_WARN_QUOTED_INCLUDE_IN_FRAMEWORK_HEADER = YES;
				CLANG_WARN_RANGE_LOOP_ANALYSIS = YES;
				CLANG_WARN_STRICT_PROTOTYPES = YES;
				CLANG_WARN_SUSPICIOUS_MOVE = YES;
				CLANG_WARN_UNGUARDED_AVAILABILITY = YES_AGGRESSIVE;
				CLANG_WARN_UNREACHABLE_CODE = YES;
				CLANG_WARN__DUPLICATE_METHOD_MATCH = YES;
				COPY_PHASE_STRIP = NO;
				DEBUG_INFORMATION_FORMAT = dwarf;
				ENABLE_STRICT_OBJC_MSGSEND = YES;
				ENABLE_TESTABILITY = YES;
				ENABLE_USER_SCRIPT_SANDBOXING = YES;
				GCC_C_LANGUAGE_STANDARD = gnu17;
				GCC_DYNAMIC_NO_PIC = NO;
				GCC_NO_COMMON_BLOCKS = YES;
				GCC_OPTIMIZATION_LEVEL = 0;
				GCC_PREPROCESSOR_DEFINITIONS = (
					"DEBUG=1",
					"$(inherited)",
				);
				GCC_WARN_64_TO_32_BIT_CONVERSION = YES;
				GCC_WARN_ABOUT_RETURN_TYPE = YES_ERROR;
				GCC_WARN_UNDECLARED_SELECTOR = YES;
				GCC_WARN_UNINITIALIZED_AUTOS = YES_AGGRESSIVE;
				GCC_WARN_UNUSED_FUNCTION = YES;
				GCC_WARN_UNUSED_VARIABLE = YES;
				IPHONEOS_DEPLOYMENT_TARGET = 17.4;
				LOCALIZATION_PREFERS_STRING_CATALOGS = YES;
				MTL_ENABLE_DEBUG_INFO = INCLUDE_SOURCE;
				MTL_FAST_MATH = YES;
				ONLY_ACTIVE_ARCH = YES;
				SDKROOT = iphoneos;
				SWIFT_ACTIVE_COMPILATION_CONDITIONS = "DEBUG $(inherited)";
				SWIFT_OPTIMIZATION_LEVEL = "-Onone";
			};
			name = Debug;
		};
		BF1968922BF7E7E7003A99DC /* Release */ = {
			isa = XCBuildConfiguration;
			buildSettings = {
				ALWAYS_SEARCH_USER_PATHS = NO;
				ASSETCATALOG_COMPILER_GENERATE_SWIFT_ASSET_SYMBOL_EXTENSIONS = YES;
				CLANG_ANALYZER_NONNULL = YES;
				CLANG_ANALYZER_NUMBER_OBJECT_CONVERSION = YES_AGGRESSIVE;
				CLANG_CXX_LANGUAGE_STANDARD = "gnu++20";
				CLANG_ENABLE_MODULES = YES;
				CLANG_ENABLE_OBJC_ARC = YES;
				CLANG_ENABLE_OBJC_WEAK = YES;
				CLANG_WARN_BLOCK_CAPTURE_AUTORELEASING = YES;
				CLANG_WARN_BOOL_CONVERSION = YES;
				CLANG_WARN_COMMA = YES;
				CLANG_WARN_CONSTANT_CONVERSION = YES;
				CLANG_WARN_DEPRECATED_OBJC_IMPLEMENTATIONS = YES;
				CLANG_WARN_DIRECT_OBJC_ISA_USAGE = YES_ERROR;
				CLANG_WARN_DOCUMENTATION_COMMENTS = YES;
				CLANG_WARN_EMPTY_BODY = YES;
				CLANG_WARN_ENUM_CONVERSION = YES;
				CLANG_WARN_INFINITE_RECURSION = YES;
				CLANG_WARN_INT_CONVERSION = YES;
				CLANG_WARN_NON_LITERAL_NULL_CONVERSION = YES;
				CLANG_WARN_OBJC_IMPLICIT_RETAIN_SELF = YES;
				CLANG_WARN_OBJC_LITERAL_CONVERSION = YES;
				CLANG_WARN_OBJC_ROOT_CLASS = YES_ERROR;
				CLANG_WARN_QUOTED_INCLUDE_IN_FRAMEWORK_HEADER = YES;
				CLANG_WARN_RANGE_LOOP_ANALYSIS = YES;
				CLANG_WARN_STRICT_PROTOTYPES = YES;
				CLANG_WARN_SUSPICIOUS_MOVE = YES;
				CLANG_WARN_UNGUARDED_AVAILABILITY = YES_AGGRESSIVE;
				CLANG_WARN_UNREACHABLE_CODE = YES;
				CLANG_WARN__DUPLICATE_METHOD_MATCH = YES;
				COPY_PHASE_STRIP = NO;
				DEBUG_INFORMATION_FORMAT = "dwarf-with-dsym";
				ENABLE_NS_ASSERTIONS = NO;
				ENABLE_STRICT_OBJC_MSGSEND = YES;
				ENABLE_USER_SCRIPT_SANDBOXING = YES;
				GCC_C_LANGUAGE_STANDARD = gnu17;
				GCC_NO_COMMON_BLOCKS = YES;
				GCC_WARN_64_TO_32_BIT_CONVERSION = YES;
				GCC_WARN_ABOUT_RETURN_TYPE = YES_ERROR;
				GCC_WARN_UNDECLARED_SELECTOR = YES;
				GCC_WARN_UNINITIALIZED_AUTOS = YES_AGGRESSIVE;
				GCC_WARN_UNUSED_FUNCTION = YES;
				GCC_WARN_UNUSED_VARIABLE = YES;
				IPHONEOS_DEPLOYMENT_TARGET = 17.4;
				LOCALIZATION_PREFERS_STRING_CATALOGS = YES;
				MTL_ENABLE_DEBUG_INFO = NO;
				MTL_FAST_MATH = YES;
				SDKROOT = iphoneos;
				SWIFT_COMPILATION_MODE = wholemodule;
				VALIDATE_PRODUCT = YES;
			};
			name = Release;
		};
		BF1968942BF7E7E7003A99DC /* Debug */ = {
			isa = XCBuildConfiguration;
			buildSettings = {
				ASSETCATALOG_COMPILER_APPICON_NAME = AppIcon;
				ASSETCATALOG_COMPILER_GLOBAL_ACCENT_COLOR_NAME = AccentColor;
				CODE_SIGN_STYLE = Automatic;
				CURRENT_PROJECT_VERSION = 1;
				DEVELOPMENT_TEAM = Q9G7AMJXC6;
				GENERATE_INFOPLIST_FILE = YES;
				INFOPLIST_FILE = Bankey/Info.plist;
				INFOPLIST_KEY_UIApplicationSupportsIndirectInputEvents = YES;
				INFOPLIST_KEY_UILaunchStoryboardName = LaunchScreen;
				INFOPLIST_KEY_UISupportedInterfaceOrientations_iPad = "UIInterfaceOrientationPortrait UIInterfaceOrientationPortraitUpsideDown UIInterfaceOrientationLandscapeLeft UIInterfaceOrientationLandscapeRight";
				INFOPLIST_KEY_UISupportedInterfaceOrientations_iPhone = "UIInterfaceOrientationPortrait UIInterfaceOrientationLandscapeLeft UIInterfaceOrientationLandscapeRight";
				LD_RUNPATH_SEARCH_PATHS = (
					"$(inherited)",
					"@executable_path/Frameworks",
				);
				MARKETING_VERSION = 1.0;
				PRODUCT_BUNDLE_IDENTIFIER = leo.Bankey;
				PRODUCT_NAME = "$(TARGET_NAME)";
				SWIFT_EMIT_LOC_STRINGS = YES;
				SWIFT_VERSION = 5.0;
				TARGETED_DEVICE_FAMILY = "1,2";
			};
			name = Debug;
		};
		BF1968952BF7E7E7003A99DC /* Release */ = {
			isa = XCBuildConfiguration;
			buildSettings = {
				ASSETCATALOG_COMPILER_APPICON_NAME = AppIcon;
				ASSETCATALOG_COMPILER_GLOBAL_ACCENT_COLOR_NAME = AccentColor;
				CODE_SIGN_STYLE = Automatic;
				CURRENT_PROJECT_VERSION = 1;
				DEVELOPMENT_TEAM = Q9G7AMJXC6;
				GENERATE_INFOPLIST_FILE = YES;
				INFOPLIST_FILE = Bankey/Info.plist;
				INFOPLIST_KEY_UIApplicationSupportsIndirectInputEvents = YES;
				INFOPLIST_KEY_UILaunchStoryboardName = LaunchScreen;
				INFOPLIST_KEY_UISupportedInterfaceOrientations_iPad = "UIInterfaceOrientationPortrait UIInterfaceOrientationPortraitUpsideDown UIInterfaceOrientationLandscapeLeft UIInterfaceOrientationLandscapeRight";
				INFOPLIST_KEY_UISupportedInterfaceOrientations_iPhone = "UIInterfaceOrientationPortrait UIInterfaceOrientationLandscapeLeft UIInterfaceOrientationLandscapeRight";
				LD_RUNPATH_SEARCH_PATHS = (
					"$(inherited)",
					"@executable_path/Frameworks",
				);
				MARKETING_VERSION = 1.0;
				PRODUCT_BUNDLE_IDENTIFIER = leo.Bankey;
				PRODUCT_NAME = "$(TARGET_NAME)";
				SWIFT_EMIT_LOC_STRINGS = YES;
				SWIFT_VERSION = 5.0;
				TARGETED_DEVICE_FAMILY = "1,2";
			};
			name = Release;
		};
		BF61387E2C7D15F4001689D0 /* Debug */ = {
			isa = XCBuildConfiguration;
			buildSettings = {
				BUNDLE_LOADER = "$(TEST_HOST)";
				CLANG_ENABLE_MODULES = YES;
				CODE_SIGN_STYLE = Automatic;
				CURRENT_PROJECT_VERSION = 1;
				DEVELOPMENT_TEAM = Q9G7AMJXC6;
				GENERATE_INFOPLIST_FILE = YES;
				MARKETING_VERSION = 1.0;
				PRODUCT_BUNDLE_IDENTIFIER = com.leo.BankeyUnitTests;
				PRODUCT_NAME = "$(TARGET_NAME)";
				SWIFT_EMIT_LOC_STRINGS = NO;
				SWIFT_OPTIMIZATION_LEVEL = "-Onone";
				SWIFT_VERSION = 5.0;
				TARGETED_DEVICE_FAMILY = "1,2";
				TEST_HOST = "$(BUILT_PRODUCTS_DIR)/Bankey.app/$(BUNDLE_EXECUTABLE_FOLDER_PATH)/Bankey";
			};
			name = Debug;
		};
		BF61387F2C7D15F4001689D0 /* Release */ = {
			isa = XCBuildConfiguration;
			buildSettings = {
				BUNDLE_LOADER = "$(TEST_HOST)";
				CLANG_ENABLE_MODULES = YES;
				CODE_SIGN_STYLE = Automatic;
				CURRENT_PROJECT_VERSION = 1;
				DEVELOPMENT_TEAM = Q9G7AMJXC6;
				GENERATE_INFOPLIST_FILE = YES;
				MARKETING_VERSION = 1.0;
				PRODUCT_BUNDLE_IDENTIFIER = com.leo.BankeyUnitTests;
				PRODUCT_NAME = "$(TARGET_NAME)";
				SWIFT_EMIT_LOC_STRINGS = NO;
				SWIFT_VERSION = 5.0;
				TARGETED_DEVICE_FAMILY = "1,2";
				TEST_HOST = "$(BUILT_PRODUCTS_DIR)/Bankey.app/$(BUNDLE_EXECUTABLE_FOLDER_PATH)/Bankey";
			};
			name = Release;
		};
/* End XCBuildConfiguration section */

/* Begin XCConfigurationList section */
		BF19687A2BF7E7E6003A99DC /* Build configuration list for PBXProject "Bankey" */ = {
			isa = XCConfigurationList;
			buildConfigurations = (
				BF1968912BF7E7E7003A99DC /* Debug */,
				BF1968922BF7E7E7003A99DC /* Release */,
			);
			defaultConfigurationIsVisible = 0;
			defaultConfigurationName = Release;
		};
		BF1968932BF7E7E7003A99DC /* Build configuration list for PBXNativeTarget "Bankey" */ = {
			isa = XCConfigurationList;
			buildConfigurations = (
				BF1968942BF7E7E7003A99DC /* Debug */,
				BF1968952BF7E7E7003A99DC /* Release */,
			);
			defaultConfigurationIsVisible = 0;
			defaultConfigurationName = Release;
		};
		BF6138802C7D15F4001689D0 /* Build configuration list for PBXNativeTarget "BankeyUnitTests" */ = {
			isa = XCConfigurationList;
			buildConfigurations = (
				BF61387E2C7D15F4001689D0 /* Debug */,
				BF61387F2C7D15F4001689D0 /* Release */,
			);
			defaultConfigurationIsVisible = 0;
			defaultConfigurationName = Release;
		};
/* End XCConfigurationList section */
	};
	rootObject = BF1968772BF7E7E6003A99DC /* Project object */;
}
