// !$*UTF8*$!
{
	archiveVersion = 1;
	classes = {
	};
	objectVersion = 55;
	objects = {

/* Begin PBXBuildFile section */
		BF1968832BF7E7E6003A99DC /* AppDelegate.swift in Sources */ = {isa = PBXBuildFile; fileRef = BF1968822BF7E7E6003A99DC /* AppDelegate.swift */; };
		BF1968852BF7E7E6003A99DC /* SceneDelegate.swift in Sources */ = {isa = PBXBuildFile; fileRef = BF1968842BF7E7E6003A99DC /* SceneDelegate.swift */; };
		BF1968872BF7E7E6003A99DC /* LoginViewController.swift in Sources */ = {isa = PBXBuildFile; fileRef = BF1968862BF7E7E6003A99DC /* LoginViewController.swift */; };
		BF19688C2BF7E7E7003A99DC /* Assets.xcassets in Resources */ = {isa = PBXBuildFile; fileRef = BF19688B2BF7E7E7003A99DC /* Assets.xcassets */; };
		BF19688F2BF7E7E7003A99DC /* Base in Resources */ = {isa = PBXBuildFile; fileRef = BF19688E2BF7E7E7003A99DC /* Base */; };
		BF1968992BFCCAA5003A99DC /* LoginView.swift in Sources */ = {isa = PBXBuildFile; fileRef = BF1968982BFCCAA5003A99DC /* LoginView.swift */; };
		BFE70A9F2C220E5200F84BEE /* OnboardingContainerViewController.swift in Sources */ = {isa = PBXBuildFile; fileRef = BFE70A9E2C220E5200F84BEE /* OnboardingContainerViewController.swift */; };
		BFE70AA12C24A2D000F84BEE /* OnboardingViewController.swift in Sources */ = {isa = PBXBuildFile; fileRef = BFE70AA02C24A2D000F84BEE /* OnboardingViewController.swift */; };
		BFE70B032C4FB52200F84BEE /* DummyViewController.swift in Sources */ = {isa = PBXBuildFile; fileRef = BFE70B022C4FB52200F84BEE /* DummyViewController.swift */; };
		BFE70B262C510C4D00F84BEE /* LocalState.swift in Sources */ = {isa = PBXBuildFile; fileRef = BFE70B252C510C4D00F84BEE /* LocalState.swift */; };
		BFE70B482C61272200F84BEE /* UIViewController+Utils.swift in Sources */ = {isa = PBXBuildFile; fileRef = BFE70B472C61272200F84BEE /* UIViewController+Utils.swift */; };
		BFE70B4A2C61293800F84BEE /* MainViewController.swift in Sources */ = {isa = PBXBuildFile; fileRef = BFE70B492C61293800F84BEE /* MainViewController.swift */; };
/* End PBXBuildFile section */

/* Begin PBXFileReference section */
		BF19687F2BF7E7E6003A99DC /* Bankey.app */ = {isa = PBXFileReference; explicitFileType = wrapper.application; includeInIndex = 0; path = Bankey.app; sourceTree = BUILT_PRODUCTS_DIR; };
		BF1968822BF7E7E6003A99DC /* AppDelegate.swift */ = {isa = PBXFileReference; lastKnownFileType = sourcecode.swift; path = AppDelegate.swift; sourceTree = "<group>"; };
		BF1968842BF7E7E6003A99DC /* SceneDelegate.swift */ = {isa = PBXFileReference; lastKnownFileType = sourcecode.swift; path = SceneDelegate.swift; sourceTree = "<group>"; };
		BF1968862BF7E7E6003A99DC /* LoginViewController.swift */ = {isa = PBXFileReference; lastKnownFileType = sourcecode.swift; path = LoginViewController.swift; sourceTree = "<group>"; };
		BF19688B2BF7E7E7003A99DC /* Assets.xcassets */ = {isa = PBXFileReference; lastKnownFileType = folder.assetcatalog; path = Assets.xcassets; sourceTree = "<group>"; };
		BF19688E2BF7E7E7003A99DC /* Base */ = {isa = PBXFileReference; lastKnownFileType = file.storyboard; name = Base; path = Base.lproj/LaunchScreen.storyboard; sourceTree = "<group>"; };
		BF1968902BF7E7E7003A99DC /* Info.plist */ = {isa = PBXFileReference; lastKnownFileType = text.plist.xml; path = Info.plist; sourceTree = "<group>"; };
		BF1968982BFCCAA5003A99DC /* LoginView.swift */ = {isa = PBXFileReference; lastKnownFileType = sourcecode.swift; path = LoginView.swift; sourceTree = "<group>"; };
		BFE70A9E2C220E5200F84BEE /* OnboardingContainerViewController.swift */ = {isa = PBXFileReference; lastKnownFileType = sourcecode.swift; path = OnboardingContainerViewController.swift; sourceTree = "<group>"; };
		BFE70AA02C24A2D000F84BEE /* OnboardingViewController.swift */ = {isa = PBXFileReference; lastKnownFileType = sourcecode.swift; path = OnboardingViewController.swift; sourceTree = "<group>"; };
		BFE70B022C4FB52200F84BEE /* DummyViewController.swift */ = {isa = PBXFileReference; lastKnownFileType = sourcecode.swift; path = DummyViewController.swift; sourceTree = "<group>"; };
		BFE70B252C510C4D00F84BEE /* LocalState.swift */ = {isa = PBXFileReference; lastKnownFileType = sourcecode.swift; path = LocalState.swift; sourceTree = "<group>"; };
		BFE70B472C61272200F84BEE /* UIViewController+Utils.swift */ = {isa = PBXFileReference; lastKnownFileType = sourcecode.swift; path = "UIViewController+Utils.swift"; sourceTree = "<group>"; };
		BFE70B492C61293800F84BEE /* MainViewController.swift */ = {isa = PBXFileReference; lastKnownFileType = sourcecode.swift; path = MainViewController.swift; sourceTree = "<group>"; };
/* End PBXFileReference section */

/* Begin PBXFrameworksBuildPhase section */
		BF19687C2BF7E7E6003A99DC /* Frameworks */ = {
			isa = PBXFrameworksBuildPhase;
			buildActionMask = 2147483647;
			files = (
			);
			runOnlyForDeploymentPostprocessing = 0;
		};
/* End PBXFrameworksBuildPhase section */

/* Begin PBXGroup section */
		BF1968762BF7E7E6003A99DC = {
			isa = PBXGroup;
			children = (
				BF1968812BF7E7E6003A99DC /* Bankey */,
				BF1968802BF7E7E6003A99DC /* Products */,
			);
			sourceTree = "<group>";
		};
		BF1968802BF7E7E6003A99DC /* Products */ = {
			isa = PBXGroup;
			children = (
				BF19687F2BF7E7E6003A99DC /* Bankey.app */,
			);
			name = Products;
			sourceTree = "<group>";
		};
		BF1968812BF7E7E6003A99DC /* Bankey */ = {
			isa = PBXGroup;
			children = (
				BF1968842BF7E7E6003A99DC /* SceneDelegate.swift */,
				BF1968972BFCCA7E003A99DC /* Login */,
				BFE70A9D2C220DF200F84BEE /* Onboarding */,
				BFE70B242C510C1600F84BEE /* Utils */,
				BF1968962BFCCA14003A99DC /* Files */,
				BFE70B492C61293800F84BEE /* MainViewController.swift */,
			);
			path = Bankey;
			sourceTree = "<group>";
		};
		BF1968962BFCCA14003A99DC /* Files */ = {
			isa = PBXGroup;
			children = (
				BF1968822BF7E7E6003A99DC /* AppDelegate.swift */,
				BF19688B2BF7E7E7003A99DC /* Assets.xcassets */,
				BF19688D2BF7E7E7003A99DC /* LaunchScreen.storyboard */,
				BF1968902BF7E7E7003A99DC /* Info.plist */,
			);
			name = Files;
			sourceTree = "<group>";
		};
		BF1968972BFCCA7E003A99DC /* Login */ = {
			isa = PBXGroup;
			children = (
				BF1968982BFCCAA5003A99DC /* LoginView.swift */,
				BF1968862BF7E7E6003A99DC /* LoginViewController.swift */,
				BFE70B022C4FB52200F84BEE /* DummyViewController.swift */,
			);
			name = Login;
			sourceTree = "<group>";
		};
		BFE70A9D2C220DF200F84BEE /* Onboarding */ = {
			isa = PBXGroup;
			children = (
				BFE70A9E2C220E5200F84BEE /* OnboardingContainerViewController.swift */,
				BFE70AA02C24A2D000F84BEE /* OnboardingViewController.swift */,
			);
			name = Onboarding;
			sourceTree = "<group>";
		};
		BFE70B242C510C1600F84BEE /* Utils */ = {
			isa = PBXGroup;
			children = (
				BFE70B252C510C4D00F84BEE /* LocalState.swift */,
				BFE70B472C61272200F84BEE /* UIViewController+Utils.swift */,
			);
			name = Utils;
			sourceTree = "<group>";
		};
/* End PBXGroup section */

/* Begin PBXNativeTarget section */
		BF19687E2BF7E7E6003A99DC /* Bankey */ = {
			isa = PBXNativeTarget;
			buildConfigurationList = BF1968932BF7E7E7003A99DC /* Build configuration list for PBXNativeTarget "Bankey" */;
			buildPhases = (
				BF19687B2BF7E7E6003A99DC /* Sources */,
				BF19687C2BF7E7E6003A99DC /* Frameworks */,
				BF19687D2BF7E7E6003A99DC /* Resources */,
			);
			buildRules = (
			);
			dependencies = (
			);
			name = Bankey;
			productName = Bankey;
			productReference = BF19687F2BF7E7E6003A99DC /* Bankey.app */;
			productType = "com.apple.product-type.application";
		};
/* End PBXNativeTarget section */

/* Begin PBXProject section */
		BF1968772BF7E7E6003A99DC /* Project object */ = {
			isa = PBXProject;
			attributes = {
				BuildIndependentTargetsInParallel = 1;
				LastSwiftUpdateCheck = 1530;
				LastUpgradeCheck = 1530;
				TargetAttributes = {
					BF19687E2BF7E7E6003A99DC = {
						CreatedOnToolsVersion = 15.3;
					};
				};
			};
			buildConfigurationList = BF19687A2BF7E7E6003A99DC /* Build configuration list for PBXProject "Bankey" */;
			compatibilityVersion = "Xcode 13.0";
			developmentRegion = en;
			hasScannedForEncodings = 0;
			knownRegions = (
				en,
				Base,
			);
			mainGroup = BF1968762BF7E7E6003A99DC;
			productRefGroup = BF1968802BF7E7E6003A99DC /* Products */;
			projectDirPath = "";
			projectRoot = "";
			targets = (
				BF19687E2BF7E7E6003A99DC /* Bankey */,
			);
		};
/* End PBXProject section */

/* Begin PBXResourcesBuildPhase section */
		BF19687D2BF7E7E6003A99DC /* Resources */ = {
			isa = PBXResourcesBuildPhase;
			buildActionMask = 2147483647;
			files = (
				BF19688C2BF7E7E7003A99DC /* Assets.xcassets in Resources */,
				BF19688F2BF7E7E7003A99DC /* Base in Resources */,
			);
			runOnlyForDeploymentPostprocessing = 0;
		};
/* End PBXResourcesBuildPhase section */

/* Begin PBXSourcesBuildPhase section */
		BF19687B2BF7E7E6003A99DC /* Sources */ = {
			isa = PBXSourcesBuildPhase;
			buildActionMask = 2147483647;
			files = (
				BFE70B032C4FB52200F84BEE /* DummyViewController.swift in Sources */,
				BF1968872BF7E7E6003A99DC /* LoginViewController.swift in Sources */,
				BFE70B482C61272200F84BEE /* UIViewController+Utils.swift in Sources */,
				BFE70AA12C24A2D000F84BEE /* OnboardingViewController.swift in Sources */,
				BF1968832BF7E7E6003A99DC /* AppDelegate.swift in Sources */,
				BF1968992BFCCAA5003A99DC /* LoginView.swift in Sources */,
				BFE70A9F2C220E5200F84BEE /* OnboardingContainerViewController.swift in Sources */,
				BF1968852BF7E7E6003A99DC /* SceneDelegate.swift in Sources */,
				BFE70B262C510C4D00F84BEE /* LocalState.swift in Sources */,
				BFE70B4A2C61293800F84BEE /* MainViewController.swift in Sources */,
			);
			runOnlyForDeploymentPostprocessing = 0;
		};
/* End PBXSourcesBuildPhase section */

/* Begin PBXVariantGroup section */
		BF19688D2BF7E7E7003A99DC /* LaunchScreen.storyboard */ = {
			isa = PBXVariantGroup;
			children = (
				BF19688E2BF7E7E7003A99DC /* Base */,
			);
			name = LaunchScreen.storyboard;
			sourceTree = "<group>";
		};
/* End PBXVariantGroup section */

/* Begin XCBuildConfiguration section */
		BF1968912BF7E7E7003A99DC /* Debug */ = {
			isa = XCBuildConfiguration;
			buildSettings = {
				ALWAYS_SEARCH_USER_PATHS = NO;
				ASSETCATALOG_COMPILER_GENERATE_SWIFT_ASSET_SYMBOL_EXTENSIONS = YES;
				CLANG_ANALYZER_NONNULL = YES;
				CLANG_ANALYZER_NUMBER_OBJECT_CONVERSION = YES_AGGRESSIVE;
				CLANG_CXX_LANGUAGE_STANDARD = "gnu++20";
				CLANG_ENABLE_MODULES = YES;
				CLANG_ENABLE_OBJC_ARC = YES;
				CLANG_ENABLE_OBJC_WEAK = YES;
				CLANG_WARN_BLOCK_CAPTURE_AUTORELEASING = YES;
				CLANG_WARN_BOOL_CONVERSION = YES;
				CLANG_WARN_COMMA = YES;
				CLANG_WARN_CONSTANT_CONVERSION = YES;
				CLANG_WARN_DEPRECATED_OBJC_IMPLEMENTATIONS = YES;
				CLANG_WARN_DIRECT_OBJC_ISA_USAGE = YES_ERROR;
				CLANG_WARN_DOCUMENTATION_COMMENTS = YES;
				CLANG_WARN_EMPTY_BODY = YES;
				CLANG_WARN_ENUM_CONVERSION = YES;
				CLANG_WARN_INFINITE_RECURSION = YES;
				CLANG_WARN_INT_CONVERSION = YES;
				CLANG_WARN_NON_LITERAL_NULL_CONVERSION = YES;
				CLANG_WARN_OBJC_IMPLICIT_RETAIN_SELF = YES;
				CLANG_WARN_OBJC_LITERAL_CONVERSION = YES;
				CLANG_WARN_OBJC_ROOT_CLASS = YES_ERROR;
				CLANG_WARN_QUOTED_INCLUDE_IN_FRAMEWORK_HEADER = YES;
				CLANG_WARN_RANGE_LOOP_ANALYSIS = YES;
				CLANG_WARN_STRICT_PROTOTYPES = YES;
				CLANG_WARN_SUSPICIOUS_MOVE = YES;
				CLANG_WARN_UNGUARDED_AVAILABILITY = YES_AGGRESSIVE;
				CLANG_WARN_UNREACHABLE_CODE = YES;
				CLANG_WARN__DUPLICATE_METHOD_MATCH = YES;
				COPY_PHASE_STRIP = NO;
				DEBUG_INFORMATION_FORMAT = dwarf;
				ENABLE_STRICT_OBJC_MSGSEND = YES;
				ENABLE_TESTABILITY = YES;
				ENABLE_USER_SCRIPT_SANDBOXING = YES;
				GCC_C_LANGUAGE_STANDARD = gnu17;
				GCC_DYNAMIC_NO_PIC = NO;
				GCC_NO_COMMON_BLOCKS = YES;
				GCC_OPTIMIZATION_LEVEL = 0;
				GCC_PREPROCESSOR_DEFINITIONS = (
					"DEBUG=1",
					"$(inherited)",
				);
				GCC_WARN_64_TO_32_BIT_CONVERSION = YES;
				GCC_WARN_ABOUT_RETURN_TYPE = YES_ERROR;
				GCC_WARN_UNDECLARED_SELECTOR = YES;
				GCC_WARN_UNINITIALIZED_AUTOS = YES_AGGRESSIVE;
				GCC_WARN_UNUSED_FUNCTION = YES;
				GCC_WARN_UNUSED_VARIABLE = YES;
				IPHONEOS_DEPLOYMENT_TARGET = 17.4;
				LOCALIZATION_PREFERS_STRING_CATALOGS = YES;
				MTL_ENABLE_DEBUG_INFO = INCLUDE_SOURCE;
				MTL_FAST_MATH = YES;
				ONLY_ACTIVE_ARCH = YES;
				SDKROOT = iphoneos;
				SWIFT_ACTIVE_COMPILATION_CONDITIONS = "DEBUG $(inherited)";
				SWIFT_OPTIMIZATION_LEVEL = "-Onone";
			};
			name = Debug;
		};
		BF1968922BF7E7E7003A99DC /* Release */ = {
			isa = XCBuildConfiguration;
			buildSettings = {
				ALWAYS_SEARCH_USER_PATHS = NO;
				ASSETCATALOG_COMPILER_GENERATE_SWIFT_ASSET_SYMBOL_EXTENSIONS = YES;
				CLANG_ANALYZER_NONNULL = YES;
				CLANG_ANALYZER_NUMBER_OBJECT_CONVERSION = YES_AGGRESSIVE;
				CLANG_CXX_LANGUAGE_STANDARD = "gnu++20";
				CLANG_ENABLE_MODULES = YES;
				CLANG_ENABLE_OBJC_ARC = YES;
				CLANG_ENABLE_OBJC_WEAK = YES;
				CLANG_WARN_BLOCK_CAPTURE_AUTORELEASING = YES;
				CLANG_WARN_BOOL_CONVERSION = YES;
				CLANG_WARN_COMMA = YES;
				CLANG_WARN_CONSTANT_CONVERSION = YES;
				CLANG_WARN_DEPRECATED_OBJC_IMPLEMENTATIONS = YES;
				CLANG_WARN_DIRECT_OBJC_ISA_USAGE = YES_ERROR;
				CLANG_WARN_DOCUMENTATION_COMMENTS = YES;
				CLANG_WARN_EMPTY_BODY = YES;
				CLANG_WARN_ENUM_CONVERSION = YES;
				CLANG_WARN_INFINITE_RECURSION = YES;
				CLANG_WARN_INT_CONVERSION = YES;
				CLANG_WARN_NON_LITERAL_NULL_CONVERSION = YES;
				CLANG_WARN_OBJC_IMPLICIT_RETAIN_SELF = YES;
				CLANG_WARN_OBJC_LITERAL_CONVERSION = YES;
				CLANG_WARN_OBJC_ROOT_CLASS = YES_ERROR;
				CLANG_WARN_QUOTED_INCLUDE_IN_FRAMEWORK_HEADER = YES;
				CLANG_WARN_RANGE_LOOP_ANALYSIS = YES;
				CLANG_WARN_STRICT_PROTOTYPES = YES;
				CLANG_WARN_SUSPICIOUS_MOVE = YES;
				CLANG_WARN_UNGUARDED_AVAILABILITY = YES_AGGRESSIVE;
				CLANG_WARN_UNREACHABLE_CODE = YES;
				CLANG_WARN__DUPLICATE_METHOD_MATCH = YES;
				COPY_PHASE_STRIP = NO;
				DEBUG_INFORMATION_FORMAT = "dwarf-with-dsym";
				ENABLE_NS_ASSERTIONS = NO;
				ENABLE_STRICT_OBJC_MSGSEND = YES;
				ENABLE_USER_SCRIPT_SANDBOXING = YES;
				GCC_C_LANGUAGE_STANDARD = gnu17;
				GCC_NO_COMMON_BLOCKS = YES;
				GCC_WARN_64_TO_32_BIT_CONVERSION = YES;
				GCC_WARN_ABOUT_RETURN_TYPE = YES_ERROR;
				GCC_WARN_UNDECLARED_SELECTOR = YES;
				GCC_WARN_UNINITIALIZED_AUTOS = YES_AGGRESSIVE;
				GCC_WARN_UNUSED_FUNCTION = YES;
				GCC_WARN_UNUSED_VARIABLE = YES;
				IPHONEOS_DEPLOYMENT_TARGET = 17.4;
				LOCALIZATION_PREFERS_STRING_CATALOGS = YES;
				MTL_ENABLE_DEBUG_INFO = NO;
				MTL_FAST_MATH = YES;
				SDKROOT = iphoneos;
				SWIFT_COMPILATION_MODE = wholemodule;
				VALIDATE_PRODUCT = YES;
			};
			name = Release;
		};
		BF1968942BF7E7E7003A99DC /* Debug */ = {
			isa = XCBuildConfiguration;
			buildSettings = {
				ASSETCATALOG_COMPILER_APPICON_NAME = AppIcon;
				ASSETCATALOG_COMPILER_GLOBAL_ACCENT_COLOR_NAME = AccentColor;
				CODE_SIGN_STYLE = Automatic;
				CURRENT_PROJECT_VERSION = 1;
				DEVELOPMENT_TEAM = Q9G7AMJXC6;
				GENERATE_INFOPLIST_FILE = YES;
				INFOPLIST_FILE = Bankey/Info.plist;
				INFOPLIST_KEY_UIApplicationSupportsIndirectInputEvents = YES;
				INFOPLIST_KEY_UILaunchStoryboardName = LaunchScreen;
				INFOPLIST_KEY_UISupportedInterfaceOrientations_iPad = "UIInterfaceOrientationPortrait UIInterfaceOrientationPortraitUpsideDown UIInterfaceOrientationLandscapeLeft UIInterfaceOrientationLandscapeRight";
				INFOPLIST_KEY_UISupportedInterfaceOrientations_iPhone = "UIInterfaceOrientationPortrait UIInterfaceOrientationLandscapeLeft UIInterfaceOrientationLandscapeRight";
				LD_RUNPATH_SEARCH_PATHS = (
					"$(inherited)",
					"@executable_path/Frameworks",
				);
				MARKETING_VERSION = 1.0;
				PRODUCT_BUNDLE_IDENTIFIER = leo.Bankey;
				PRODUCT_NAME = "$(TARGET_NAME)";
				SWIFT_EMIT_LOC_STRINGS = YES;
				SWIFT_VERSION = 5.0;
				TARGETED_DEVICE_FAMILY = "1,2";
			};
			name = Debug;
		};
		BF1968952BF7E7E7003A99DC /* Release */ = {
			isa = XCBuildConfiguration;
			buildSettings = {
				ASSETCATALOG_COMPILER_APPICON_NAME = AppIcon;
				ASSETCATALOG_COMPILER_GLOBAL_ACCENT_COLOR_NAME = AccentColor;
				CODE_SIGN_STYLE = Automatic;
				CURRENT_PROJECT_VERSION = 1;
				DEVELOPMENT_TEAM = Q9G7AMJXC6;
				GENERATE_INFOPLIST_FILE = YES;
				INFOPLIST_FILE = Bankey/Info.plist;
				INFOPLIST_KEY_UIApplicationSupportsIndirectInputEvents = YES;
				INFOPLIST_KEY_UILaunchStoryboardName = LaunchScreen;
				INFOPLIST_KEY_UISupportedInterfaceOrientations_iPad = "UIInterfaceOrientationPortrait UIInterfaceOrientationPortraitUpsideDown UIInterfaceOrientationLandscapeLeft UIInterfaceOrientationLandscapeRight";
				INFOPLIST_KEY_UISupportedInterfaceOrientations_iPhone = "UIInterfaceOrientationPortrait UIInterfaceOrientationLandscapeLeft UIInterfaceOrientationLandscapeRight";
				LD_RUNPATH_SEARCH_PATHS = (
					"$(inherited)",
					"@executable_path/Frameworks",
				);
				MARKETING_VERSION = 1.0;
				PRODUCT_BUNDLE_IDENTIFIER = leo.Bankey;
				PRODUCT_NAME = "$(TARGET_NAME)";
				SWIFT_EMIT_LOC_STRINGS = YES;
				SWIFT_VERSION = 5.0;
				TARGETED_DEVICE_FAMILY = "1,2";
			};
			name = Release;
		};
/* End XCBuildConfiguration section */

/* Begin XCConfigurationList section */
		BF19687A2BF7E7E6003A99DC /* Build configuration list for PBXProject "Bankey" */ = {
			isa = XCConfigurationList;
			buildConfigurations = (
				BF1968912BF7E7E7003A99DC /* Debug */,
				BF1968922BF7E7E7003A99DC /* Release */,
			);
			defaultConfigurationIsVisible = 0;
			defaultConfigurationName = Release;
		};
		BF1968932BF7E7E7003A99DC /* Build configuration list for PBXNativeTarget "Bankey" */ = {
			isa = XCConfigurationList;
			buildConfigurations = (
				BF1968942BF7E7E7003A99DC /* Debug */,
				BF1968952BF7E7E7003A99DC /* Release */,
			);
			defaultConfigurationIsVisible = 0;
			defaultConfigurationName = Release;
		};
/* End XCConfigurationList section */
	};
	rootObject = BF1968772BF7E7E6003A99DC /* Project object */;
}
